
Microsoft Visual Studio Solution File, Format Version 12.00
# Visual Studio Version 17
VisualStudioVersion = 17.11.35327.3
MinimumVisualStudioVersion = 10.0.40219.1
Project("{FAE04EC0-301F-11D3-BF4B-00C04F79EFBC}") = "vdi", "vdi\vdi.csproj", "{744B352D-CA28-4CA4-979B-283048CBD85A}"
EndProject
Global
	GlobalSection(SolutionConfigurationPlatforms) = preSolution
		Debug|Any CPU = Debug|Any CPU
		Release|Any CPU = Release|Any CPU
	EndGlobalSection
	GlobalSection(ProjectConfigurationPlatforms) = postSolution
		{744B352D-CA28-4CA4-979B-283048CBD85A}.Debug|Any CPU.ActiveCfg = Debug|Any CPU
		{744B352D-CA28-4CA4-979B-283048CBD85A}.Debug|Any CPU.Build.0 = Debug|Any CPU
		{744B352D-CA28-4CA4-979B-283048CBD85A}.Release|Any CPU.ActiveCfg = Release|Any CPU
		{744B352D-CA28-4CA4-979B-283048CBD85A}.Release|Any CPU.Build.0 = Release|Any CPU
	EndGlobalSection
	GlobalSection(SolutionProperties) = preSolution
		HideSolutionNode = FALSE
	EndGlobalSection
	GlobalSection(ExtensibilityGlobals) = postSolution
		SolutionGuid = {7B4CCEB6-951C-4977-ABF5-E2D65F595368}
	EndGlobalSection
EndGlobal
